
Microsoft Visual Studio Solution File, Format Version 12.00
# Visual Studio 14
VisualStudioVersion = 14.0.25420.1
MinimumVisualStudioVersion = 10.0.40219.1
Project("{FAE04EC0-301F-11D3-BF4B-00C04F79EFBC}") = "EmployeeService", "EmployeeService\EmployeeService.csproj", "{FC477688-0372-4018-AA65-B4582D642FFE}"
EndProject
Project("{FAE04EC0-301F-11D3-BF4B-00C04F79EFBC}") = "EmployeeDataAccess", "EmployeeDataAccess\EmployeeDataAccess.csproj", "{FAEF621B-60D1-4E6E-8E97-AD0B188449EF}"
EndProject
Global
	GlobalSection(SolutionConfigurationPlatforms) = preSolution
		Debug|Any CPU = Debug|Any CPU
		Release|Any CPU = Release|Any CPU
	EndGlobalSection
	GlobalSection(ProjectConfigurationPlatforms) = postSolution
		{FC477688-0372-4018-AA65-B4582D642FFE}.Debug|Any CPU.ActiveCfg = Debug|Any CPU
		{FC477688-0372-4018-AA65-B4582D642FFE}.Debug|Any CPU.Build.0 = Debug|Any CPU
		{FC477688-0372-4018-AA65-B4582D642FFE}.Release|Any CPU.ActiveCfg = Release|Any CPU
		{FC477688-0372-4018-AA65-B4582D642FFE}.Release|Any CPU.Build.0 = Release|Any CPU
		{FAEF621B-60D1-4E6E-8E97-AD0B188449EF}.Debug|Any CPU.ActiveCfg = Debug|Any CPU
		{FAEF621B-60D1-4E6E-8E97-AD0B188449EF}.Debug|Any CPU.Build.0 = Debug|Any CPU
		{FAEF621B-60D1-4E6E-8E97-AD0B188449EF}.Release|Any CPU.ActiveCfg = Release|Any CPU
		{FAEF621B-60D1-4E6E-8E97-AD0B188449EF}.Release|Any CPU.Build.0 = Release|Any CPU
	EndGlobalSection
	GlobalSection(SolutionProperties) = preSolution
		HideSolutionNode = FALSE
	EndGlobalSection
EndGlobal
